lockfileVersion: '6.0'

settings:
  autoInstallPeers: true
  excludeLinksFromLockfile: false

dependencies:
  croner:
    specifier: ^7.0.4
    version: 7.0.4

packages:

  /croner@7.0.4:
    resolution: {integrity: sha512-P8Zd88km8oQ0xH8Es0u75GtOnFyCNopuAhlFv5kAnbcTuXd0xNvRTgnxnJEs63FicCOsHTL7rpu4BHzY3cMq4w==}
    engines: {node: '>=6.0'}
    dev: false
